PODS:
  - Flutter (1.0.0)
  - native_flutter_proxy (0.0.1):
    - Flutter

DEPENDENCIES:
  - Flutter (from `Flutter`)
  - native_flutter_proxy (from `.symlinks/plugins/native_flutter_proxy/ios`)

EXTERNAL SOURCES:
  Flutter:
    :path: Flutter
  native_flutter_proxy:
    :path: ".symlinks/plugins/native_flutter_proxy/ios"

SPEC CHECKSUMS:
  Flutter: e0871f40cf51350855a761d2e70bf5af5b9b5de7
  native_flutter_proxy: a96434620247e3a0e3ebffde6dae1c31e2745256

PODFILE CHECKSUM: c4c93c5f6502fe2754f48404d3594bf779584011

COCOAPODS: 1.16.2
