PODS:
  - Flutter (1.0.0)
  - native_flutter_proxy (0.0.1):
    - Flutter

DEPENDENCIES:
  - Flutter (from `Flutter`)
  - native_flutter_proxy (from `.symlinks/plugins/native_flutter_proxy/ios`)

EXTERNAL SOURCES:
  Flutter:
    :path: Flutter
  native_flutter_proxy:
    :path: ".symlinks/plugins/native_flutter_proxy/ios"

SPEC CHECKSUMS:
  Flutter: cabc95a1d2626b1b06e7179b784ebcf0c0cde467
  native_flutter_proxy: a96434620247e3a0e3ebffde6dae1c31e2745256

PODFILE CHECKSUM: 3c63482e143d1b91d2d2560aee9fb04ecc74ac7e

COCOAPODS: 1.16.2
